# THIS IS AN AUTOGENERATED FILE. DO NOT EDIT THIS FILE DIRECTLY.
# yarn lockfile v1


"@esbuild/darwin-arm64@0.17.14":
  "integrity" "sha512-eoSjEuDsU1ROwgBH/c+fZzuSyJUVXQTOIN9xuLs9dE/9HbV/A5IqdXHU1p2OfIMwBwOYJ9SFVGGldxeRCUJFyw=="
  "resolved" "https://registry.npmjs.org/@esbuild/darwin-arm64/-/darwin-arm64-0.17.14.tgz"
  "version" "0.17.14"

"@rollup/pluginutils@^4.2.1":
  "integrity" "sha512-iKnFXr7NkdZAIHiIWE+BX5ULi/ucVFYWD6TbAV+rZctiRTY2PL6tsIKhoIOaoskiWAkgu+VsbXgUVDNLHf+InQ=="
  "resolved" "https://registry.npmjs.org/@rollup/pluginutils/-/pluginutils-4.2.1.tgz"
  "version" "4.2.1"
  dependencies:
    "estree-walker" "^2.0.1"
    "picomatch" "^2.2.2"

"balanced-match@^1.0.0":
  "integrity" "sha512-3oSeUO0TMV67hN1AmbXsK4yaqU7tjiHlbxRDZOpH0KW9+CeX4bRAaX0Anxt0tx2MrpRpWwQaPwIlISEJhYU5Pw=="
  "resolved" "https://registry.npmjs.org/balanced-match/-/balanced-match-1.0.2.tgz"
  "version" "1.0.2"

"brace-expansion@^2.0.1":
  "integrity" "sha512-XnAIvQ8eM+kC6aULx6wuQiwVsnzsi9d3WxzV3FpWTGA19F621kwdbsAcFKXgKUHZWsy+mY6iL1sHTxWEFCytDA=="
  "resolved" "https://registry.npmjs.org/brace-expansion/-/brace-expansion-2.0.1.tgz"
  "version" "2.0.1"
  dependencies:
    "balanced-match" "^1.0.0"

"dat.gui@^0.7.9":
  "integrity" "sha512-sCNc1OHobc+Erc1HqiswYgHdVNpSJUlk/Hz8vzOCsER7rl+oF/4+v8GXFUyCgtXpoCX6+bnmg07DedLvBLwYKQ=="
  "resolved" "https://registry.npmjs.org/dat.gui/-/dat.gui-0.7.9.tgz"
  "version" "0.7.9"

"decode-uri-component@^0.4.1":
  "integrity" "sha512-+8VxcR21HhTy8nOt6jf20w0c9CADrw1O8d+VZ/YzzCt4bJ3uBjw+D1q2osAB8RnpwwaeYBxy0HyKQxD5JBMuuQ=="
  "resolved" "https://registry.npmjs.org/decode-uri-component/-/decode-uri-component-0.4.1.tgz"
  "version" "0.4.1"

"esbuild@^0.17.5":
  "integrity" "sha512-vOO5XhmVj/1XQR9NQ1UPq6qvMYL7QFJU57J5fKBKBKxp17uDt5PgxFDb4A2nEiXhr1qQs4x0F5+66hVVw4ruNw=="
  "resolved" "https://registry.npmjs.org/esbuild/-/esbuild-0.17.14.tgz"
  "version" "0.17.14"
  optionalDependencies:
    "@esbuild/android-arm" "0.17.14"
    "@esbuild/android-arm64" "0.17.14"
    "@esbuild/android-x64" "0.17.14"
    "@esbuild/darwin-arm64" "0.17.14"
    "@esbuild/darwin-x64" "0.17.14"
    "@esbuild/freebsd-arm64" "0.17.14"
    "@esbuild/freebsd-x64" "0.17.14"
    "@esbuild/linux-arm" "0.17.14"
    "@esbuild/linux-arm64" "0.17.14"
    "@esbuild/linux-ia32" "0.17.14"
    "@esbuild/linux-loong64" "0.17.14"
    "@esbuild/linux-mips64el" "0.17.14"
    "@esbuild/linux-ppc64" "0.17.14"
    "@esbuild/linux-riscv64" "0.17.14"
    "@esbuild/linux-s390x" "0.17.14"
    "@esbuild/linux-x64" "0.17.14"
    "@esbuild/netbsd-x64" "0.17.14"
    "@esbuild/openbsd-x64" "0.17.14"
    "@esbuild/sunos-x64" "0.17.14"
    "@esbuild/win32-arm64" "0.17.14"
    "@esbuild/win32-ia32" "0.17.14"
    "@esbuild/win32-x64" "0.17.14"

"estree-walker@^2.0.1":
  "integrity" "sha512-Rfkk/Mp/DL7JVje3u18FxFujQlTNR2q6QfMSMB7AvCBx91NGj/ba3kCfza0f6dVDbw7YlRf/nDrn7pQrCCyQ/w=="
  "resolved" "https://registry.npmjs.org/estree-walker/-/estree-walker-2.0.2.tgz"
  "version" "2.0.2"

"filter-obj@^5.1.0":
  "integrity" "sha512-qWeTREPoT7I0bifpPUXtxkZJ1XJzxWtfoWWkdVGqa+eCr3SHW/Ocp89o8vLvbUuQnadybJpjOKu4V+RwO6sGng=="
  "resolved" "https://registry.npmjs.org/filter-obj/-/filter-obj-5.1.0.tgz"
  "version" "5.1.0"

"fs.realpath@^1.0.0":
  "integrity" "sha512-OO0pH2lK6a0hZnAdau5ItzHPI6pUlvI7jMVnxUQRtw4owF2wk8lOSabtGDCTP4Ggrg2MbGnWO9X8K1t4+fGMDw=="
  "resolved" "https://registry.npmjs.org/fs.realpath/-/fs.realpath-1.0.0.tgz"
  "version" "1.0.0"

"fsevents@~2.3.2":
  "integrity" "sha512-xiqMQR4xAeHTuB9uWm+fFRcIOgKBMiOBP+eXiyT7jsgVCq1bkVygt00oASowB7EdtpOHaaPgKt812P9ab+DDKA=="
  "resolved" "https://registry.npmjs.org/fsevents/-/fsevents-2.3.2.tgz"
  "version" "2.3.2"

"glob@^9.2.0":
  "integrity" "sha512-Pxxgq3W0HyA3XUvSXcFhRSs+43Jsx0ddxcFrbjxNGkL2Ak5BAUBxLqI5G6ADDeCHLfzzXFhe0b1yYcctGmytMA=="
  "resolved" "https://registry.npmjs.org/glob/-/glob-9.2.1.tgz"
  "version" "9.2.1"
  dependencies:
    "fs.realpath" "^1.0.0"
    "minimatch" "^7.4.1"
    "minipass" "^4.2.4"
    "path-scurry" "^1.6.1"

"gltf-validator@^2.0.0-dev.3.9":
  "integrity" "sha512-9nPcAgYJwT6sbml7S3/tC+N/BkqTUSL1u8GcmUQLuwToLR0ZH8CF3i/BhVqDwlg7OmKS2GGjjEcnU/oMMeIQUQ=="
  "resolved" "https://registry.npmjs.org/gltf-validator/-/gltf-validator-2.0.0-dev.3.9.tgz"
  "version" "2.0.0-dev.3.9"

"lru-cache@^7.14.1":
  "integrity" "sha512-jumlc0BIUrS3qJGgIkWZsyfAM7NCWiBcCDhnd+3NNM5KbBmLTgHVfWBcg6W+rLUsIpzpERPsvwUP7CckAQSOoA=="
  "resolved" "https://registry.npmjs.org/lru-cache/-/lru-cache-7.18.3.tgz"
  "version" "7.18.3"

"minimatch@^7.4.1":
  "integrity" "sha512-xy4q7wou3vUoC9k1xGTXc+awNdGaGVHtFUaey8tiX4H1QRc04DZ/rmDFwNm2EBsuYEhAZ6SgMmYf3InGY6OauA=="
  "resolved" "https://registry.npmjs.org/minimatch/-/minimatch-7.4.2.tgz"
  "version" "7.4.2"
  dependencies:
    "brace-expansion" "^2.0.1"

"minipass@^4.0.2", "minipass@^4.2.4":
  "integrity" "sha512-lwycX3cBMTvcejsHITUgYj6Gy6A7Nh4Q6h9NP4sTHY1ccJlC7yKzDmiShEHsJ16Jf1nKGDEaiHxiltsJEvk0nQ=="
  "resolved" "https://registry.npmjs.org/minipass/-/minipass-4.2.4.tgz"
  "version" "4.2.4"

"nanoid@^3.3.6":
  "integrity" "sha512-BGcqMMJuToF7i1rt+2PWSNVnWIkGCU78jBG3RxO/bZlnZPK2Cmi2QaffxGO/2RvWi9sL+FAiRiXMgsyxQ1DIDA=="
  "resolved" "https://registry.npmjs.org/nanoid/-/nanoid-3.3.6.tgz"
  "version" "3.3.6"

"path-scurry@^1.6.1":
  "integrity" "sha512-OW+5s+7cw6253Q4E+8qQ/u1fVvcJQCJo/VFD8pje+dbJCF1n5ZRMV2AEHbGp+5Q7jxQIYJxkHopnj6nzdGeZLA=="
  "resolved" "https://registry.npmjs.org/path-scurry/-/path-scurry-1.6.1.tgz"
  "version" "1.6.1"
  dependencies:
    "lru-cache" "^7.14.1"
    "minipass" "^4.0.2"

"picocolors@^1.0.0":
  "integrity" "sha512-1fygroTLlHu66zi26VoTDv8yRgm0Fccecssto+MhsZ0D/DGW2sm8E8AjW7NU5VVTRt5GxbeZ5qBuJr+HyLYkjQ=="
  "resolved" "https://registry.npmjs.org/picocolors/-/picocolors-1.0.0.tgz"
  "version" "1.0.0"

"picomatch@^2.2.2":
  "integrity" "sha512-JU3teHTNjmE2VCGFzuY8EXzCDVwEqB2a8fsIvwaStHhAWJEeVd1o1QD80CU6+ZdEXXSLbSsuLwJjkCBWqRQUVA=="
  "resolved" "https://registry.npmjs.org/picomatch/-/picomatch-2.3.1.tgz"
  "version" "2.3.1"

"postcss@^8.4.23":
  "integrity" "sha512-M0RzbcI0sO/XJNucsGjvWU9ERWxb/ytp1w6dKtxTKgixdtQDq4rmx/g8W1hnaheq9jgwL/oyEdH5Bc4WwJKMqg=="
  "resolved" "https://registry.npmjs.org/postcss/-/postcss-8.4.24.tgz"
  "version" "8.4.24"
  dependencies:
    "nanoid" "^3.3.6"
    "picocolors" "^1.0.0"
    "source-map-js" "^1.0.2"

"query-string@^8.1.0":
  "integrity" "sha512-BFQeWxJOZxZGix7y+SByG3F36dA0AbTy9o6pSmKFcFz7DAj0re9Frkty3saBn3nHo3D0oZJ/+rx3r8H8r8Jbpw=="
  "resolved" "https://registry.npmjs.org/query-string/-/query-string-8.1.0.tgz"
  "version" "8.1.0"
  dependencies:
    "decode-uri-component" "^0.4.1"
    "filter-obj" "^5.1.0"
    "split-on-first" "^3.0.0"

"rimraf@^4.4.1":
  "integrity" "sha512-Gk8NlF062+T9CqNGn6h4tls3k6T1+/nXdOcSZVikNVtlRdYpA7wRJJMoXmuvOnLW844rPjdQ7JgXCYM6PPC/og=="
  "resolved" "https://registry.npmjs.org/rimraf/-/rimraf-4.4.1.tgz"
  "version" "4.4.1"
  dependencies:
    "glob" "^9.2.0"

"rollup@^3.21.0":
  "integrity" "sha512-h31UlwEi7FHihLe1zbk+3Q7z1k/84rb9BSwmBSr/XjOCEaBJ2YyedQDuM0t/kfOS0IxM+vk1/zI9XxYj9V+NJQ=="
  "resolved" "https://registry.npmjs.org/rollup/-/rollup-3.23.0.tgz"
  "version" "3.23.0"
  optionalDependencies:
    "fsevents" "~2.3.2"

"simple-dropzone@^0.8.2":
  "integrity" "sha512-O1/InUqUL1o6/wApWrueA5WQlzeGaql2wFiLUy02ra50pd4pTDhKKG6u71fqO7hUgXNKbdfwRih8NSXOUofnlw=="
  "resolved" "https://registry.npmjs.org/simple-dropzone/-/simple-dropzone-0.8.2.tgz"
  "version" "0.8.2"
  dependencies:
    "zip-js-esm" "^1.1.1"

"source-map-js@^1.0.2":
  "integrity" "sha512-R0XvVJ9WusLiqTCEiGCmICCMplcCkIwwR11mOSD9CR5u+IXYdiseeEuXCVAjS54zqwkLcPNnmU4OeJ6tUrWhDw=="
  "resolved" "https://registry.npmjs.org/source-map-js/-/source-map-js-1.0.2.tgz"
  "version" "1.0.2"

"split-on-first@^3.0.0":
  "integrity" "sha512-qxQJTx2ryR0Dw0ITYyekNQWpz6f8dGd7vffGNflQQ3Iqj9NJ6qiZ7ELpZsJ/QBhIVAiDfXdag3+Gp8RvWa62AA=="
  "resolved" "https://registry.npmjs.org/split-on-first/-/split-on-first-3.0.0.tgz"
  "version" "3.0.0"

"three@^0.151.0":
  "integrity" "sha512-ZvjJbNhZ/t0L8I36tc1I1ZP9j1q42ANE9WTlR+P3lZfOzlSfNa5VfR1rZRHNyjn/ZPP4kU7xGI1v8QSJOpxE4w=="
  "resolved" "https://registry.npmjs.org/three/-/three-0.151.0.tgz"
  "version" "0.151.0"

"tslib@^2.4.0":
  "integrity" "sha512-5svOrSA2w3iGFDs1HibEVBGbDrAY82bFQ3HZ3ixB+88nsbsWQoKqDRb5UBYAUPEzbBn6dAp5gRNXglySbx1MlA=="
  "resolved" "https://registry.npmjs.org/tslib/-/tslib-2.5.2.tgz"
  "version" "2.5.2"

"vhtml@^2.2.0":
  "integrity" "sha512-TPXrXrxBOslRUVnlVkiAqhoXneiertIg86bdvzionrUYhEuiROvyPZNiiP6GIIJ2Q7oPNVyEtIx8gMAZZE9lCQ=="
  "resolved" "https://registry.npmjs.org/vhtml/-/vhtml-2.2.0.tgz"
  "version" "2.2.0"

"vite-plugin-glsl@^0.1.2":
  "integrity" "sha512-BsY0ndZthCXYipF/rc/Vri0s6N/JNwMyCDRJx7qiJNNY8+MiDgzhT2iOIHL7O7v3CvjOG9yOM2+WVTNvnHGT1w=="
  "resolved" "https://registry.npmjs.org/vite-plugin-glsl/-/vite-plugin-glsl-0.1.5.tgz"
  "version" "0.1.5"
  dependencies:
    "@rollup/pluginutils" "^4.2.1"
    "tslib" "^2.4.0"

"vite@^4.3.0":
  "integrity" "sha512-qsTNZjO9NoJNW7KnOrgYwczm0WctJ8m/yqYAMAK9Lxt4SoySUfS5S8ia9K7JHpa3KEeMfyF8LoJ3c5NeBJy6pg=="
  "resolved" "https://registry.npmjs.org/vite/-/vite-4.3.9.tgz"
  "version" "4.3.9"
  dependencies:
    "esbuild" "^0.17.5"
    "postcss" "^8.4.23"
    "rollup" "^3.21.0"
  optionalDependencies:
    "fsevents" "~2.3.2"

"zip-js-esm@^1.1.1":
  "integrity" "sha512-8fSLIpssGjX8mqTduIjlUStH1uBmAFWCmkiAo7/G8uDAY+rEnwE6nll5Cyvu+Ytqmw5FIQ7XAhohNrrZL2PheQ=="
  "resolved" "https://registry.npmjs.org/zip-js-esm/-/zip-js-esm-1.1.1.tgz"
  "version" "1.1.1"
